{
  "version": "2",
  "remote": {
    "https://deno.land/std@0.103.0/encoding/base64.ts": "eecae390f1f1d1cae6f6c6d732ede5276bf4b9cd29b1d281678c054dc5cc009e",
    "https://deno.land/std@0.182.0/_util/asserts.ts": "178dfc49a464aee693a7e285567b3d0b555dc805ff490505a8aae34f9cfb1462",
    "https://deno.land/std@0.182.0/bytes/copy.ts": "939d89e302a9761dcf1d9c937c7711174ed74c59eef40a1e4569a05c9de88219",
    "https://deno.land/std@0.182.0/encoding/yaml.ts": "1434324316e821dd76c4d4dcaa88ce792449360335a598b88e7625644c721766",
    "https://deno.land/std@0.182.0/flags/mod.ts": "4d829c5bd1d657799cdeb487c6e418960efc6f4d8ce6cadc38a54b9ce266160a",
    "https://deno.land/std@0.182.0/io/buffer.ts": "17f4410eaaa60a8a85733e8891349a619eadfbbe42e2f319283ce2b8f29723ab",
    "https://deno.land/std@0.182.0/types.d.ts": "dbaeb2c4d7c526db9828fc8df89d8aecf53b9ced72e0c4568f97ddd8cda616a4",
    "https://deno.land/std@0.182.0/yaml/_dumper/dumper.ts": "a2c937a53a2b0473125a31a330334cc3f30e98fd82f8143bc225583d1260890b",
    "https://deno.land/std@0.182.0/yaml/_dumper/dumper_state.ts": "f0d0673ceea288334061ca34b63954c2bb5feb5bf6de5e4cfe9a942cdf6e5efe",
    "https://deno.land/std@0.182.0/yaml/_error.ts": "b59e2c76ce5a47b1b9fa0ff9f96c1dd92ea1e1b17ce4347ece5944a95c3c1a84",
    "https://deno.land/std@0.182.0/yaml/_loader/loader.ts": "04cf748a736a9b3a29bd3d4b3c77d81489f82cfe8391627fd6ba8327e1e8cec2",
    "https://deno.land/std@0.182.0/yaml/_loader/loader_state.ts": "0841870b467169269d7c2dfa75cd288c319bc06f65edd9e42c29e5fced91c7a4",
    "https://deno.land/std@0.182.0/yaml/_mark.ts": "dcd8585dee585e024475e9f3fe27d29740670fb64ebb970388094cad0fc11d5d",
    "https://deno.land/std@0.182.0/yaml/_state.ts": "ef03d55ec235d48dcfbecc0ab3ade90bfae69a61094846e08003421c2cf5cfc6",
    "https://deno.land/std@0.182.0/yaml/_type/binary.ts": "d34d8c8d8ed521e270cfede3401c425b971af4f6c69da1e2cb32b172d42c7da7",
    "https://deno.land/std@0.182.0/yaml/_type/bool.ts": "5bfa75da84343d45347b521ba4e5aeace9fe6f53447405290d53315a3fc20e66",
    "https://deno.land/std@0.182.0/yaml/_type/float.ts": "056bd3cb9c5586238b20517511014fb24b0e36f98f9f6073e12da308b6b9808a",
    "https://deno.land/std@0.182.0/yaml/_type/function.ts": "ff574fe84a750695302864e1c31b93f12d14ada4bde79a5f93197fc33ad17471",
    "https://deno.land/std@0.182.0/yaml/_type/int.ts": "563ad074f0fa7aecf6b6c3d84135bcc95a8269dcc15de878de20ce868fd773fa",
    "https://deno.land/std@0.182.0/yaml/_type/map.ts": "7b105e4ab03a361c61e7e335a0baf4d40f06460b13920e5af3fb2783a1464000",
    "https://deno.land/std@0.182.0/yaml/_type/merge.ts": "8192bf3e4d637f32567917f48bb276043da9cf729cf594e5ec191f7cd229337e",
    "https://deno.land/std@0.182.0/yaml/_type/mod.ts": "060e2b3d38725094b77ea3a3f05fc7e671fced8e67ca18e525be98c4aa8f4bbb",
    "https://deno.land/std@0.182.0/yaml/_type/nil.ts": "606e8f0c44d73117c81abec822f89ef81e40f712258c74f186baa1af659b8887",
    "https://deno.land/std@0.182.0/yaml/_type/omap.ts": "cfe59a294726f5cea705c39a61fd2b08199cf48f4ccd6b040cb550ec0f38d0a1",
    "https://deno.land/std@0.182.0/yaml/_type/pairs.ts": "0032fdfe57558d21696a4f8cf5b5cfd1f698743177080affc18629685c905666",
    "https://deno.land/std@0.182.0/yaml/_type/regexp.ts": "1ce118de15b2da43b4bd8e4395f42d448b731acf3bdaf7c888f40789f9a95f8b",
    "https://deno.land/std@0.182.0/yaml/_type/seq.ts": "95333abeec8a7e4d967b8c8328b269e342a4bbdd2585395549b9c4f58c8533a2",
    "https://deno.land/std@0.182.0/yaml/_type/set.ts": "f28ba44e632ef2a6eb580486fd47a460445eeddbdf1dbc739c3e62486f566092",
    "https://deno.land/std@0.182.0/yaml/_type/str.ts": "a67a3c6e429d95041399e964015511779b1130ea5889fa257c48457bd3446e31",
    "https://deno.land/std@0.182.0/yaml/_type/timestamp.ts": "706ea80a76a73e48efaeb400ace087da1f927647b53ad6f754f4e06d51af087f",
    "https://deno.land/std@0.182.0/yaml/_type/undefined.ts": "94a316ca450597ccbc6750cbd79097ad0d5f3a019797eed3c841a040c29540ba",
    "https://deno.land/std@0.182.0/yaml/_utils.ts": "26b311f0d42a7ce025060bd6320a68b50e52fd24a839581eb31734cd48e20393",
    "https://deno.land/std@0.182.0/yaml/parse.ts": "1fbbda572bf3fff578b6482c0d8b85097a38de3176bf3ab2ca70c25fb0c960ef",
    "https://deno.land/std@0.182.0/yaml/schema.ts": "96908b78dc50c340074b93fc1598d5e7e2fe59103f89ff81e5a49b2dedf77a67",
    "https://deno.land/std@0.182.0/yaml/schema/core.ts": "fa406f18ceedc87a50e28bb90ec7a4c09eebb337f94ef17468349794fa828639",
    "https://deno.land/std@0.182.0/yaml/schema/default.ts": "0047e80ae8a4a93293bc4c557ae8a546aabd46bb7165b9d9b940d57b4d88bde9",
    "https://deno.land/std@0.182.0/yaml/schema/extended.ts": "0784416bf062d20a1626b53c03380e265b3e39b9409afb9f4cb7d659fd71e60d",
    "https://deno.land/std@0.182.0/yaml/schema/failsafe.ts": "d219ab5febc43f770917d8ec37735a4b1ad671149846cbdcade767832b42b92b",
    "https://deno.land/std@0.182.0/yaml/schema/json.ts": "5f41dd7c2f1ad545ef6238633ce9ee3d444dfc5a18101e1768bd5504bf90e5e5",
    "https://deno.land/std@0.182.0/yaml/schema/mod.ts": "4472e827bab5025e92bc2eb2eeefa70ecbefc64b2799b765c69af84822efef32",
    "https://deno.land/std@0.182.0/yaml/stringify.ts": "fffc09c65c68d3d63f8159e8cbaa3f489bc20a8e55b4fbb61a8c2e9f914d1d02",
    "https://deno.land/std@0.182.0/yaml/type.ts": "1aabb8e0a3f4229ce0a3526256f68826d9bdf65a36c8a3890ead8011fcba7670",
    "https://deno.land/x/emoji@0.2.1/all.json": "9beb741e050f6eaeab2e4529517a68fd55f4cde98d9a5008c5ef5537e4d2ddb5",
    "https://deno.land/x/emoji@0.2.1/emoji.ts": "59baa579fead2ea631cde96aefa03689ee2f1241ab76398965eddc5c66096047",
    "https://deno.land/x/emoji@0.2.1/mod.ts": "733bed20d9489f91fd16823bc0bff4943d995d7f1fdae6fea458b3e0927bde96",
    "https://deno.land/x/emoji@0.2.1/types.ts": "5897345f500088c719a35388c5b192bc5d93fc2c13e37d94eafa8ff3480edd17",
    "https://deno.land/x/emoji@0.2.1/unicode.ts": "ac8079e8e1da66ae9e601c1fdd0e7641120c2b07ca7bd2875e65fe23e16e6199",
    "https://deno.land/x/gfm@0.2.1/deps.ts": "41f6f25cc563925271e242ad71bfa9909b8c22a41d678bff639ee5499659f30b",
    "https://deno.land/x/gfm@0.2.1/mod.ts": "7e476e318a985396c9b55efe55f4c881f63b163596d3f3716f7fc8be1a6e66a8",
    "https://deno.land/x/gfm@0.2.1/style.js": "86de9308f5d108ee0976e296260eb634c7477a11a9bebf44e6f863a5b8fb6d6d",
    "https://deno.land/x/lz4@v0.1.2/mod.ts": "4decfc1a3569d03fd1813bd39128b71c8f082850fe98ecfdde20025772916582",
    "https://deno.land/x/lz4@v0.1.2/wasm.js": "b9c65605327ba273f0c76a6dc596ec534d4cda0f0225d7a94ebc606782319e46",
    "https://deno.land/x/notion_sdk@v2.2.3/src/Client.ts": "00938a998e9aa825688979e6b51669f12387ff9800477dda255ca325a7868de8",
    "https://deno.land/x/notion_sdk@v2.2.3/src/api-endpoints.ts": "2390b0e86be564a00e1b97f2cf2877f5ffbe09221208cf93f865ce45ef71b27b",
    "https://deno.land/x/notion_sdk@v2.2.3/src/errors.ts": "43a4845c2e6576ccee7c6056172a194a6baefc3957d1ac92af6420297883197a",
    "https://deno.land/x/notion_sdk@v2.2.3/src/helpers.ts": "f5623eb0999cdbaede187af6737eac4cd557d089ee09399bd920d3d55b296743",
    "https://deno.land/x/notion_sdk@v2.2.3/src/logging.ts": "78ff1ed03a20a356b9c9f2cb080aaafec80702c9c292d3a6d229f34e39be6869",
    "https://deno.land/x/notion_sdk@v2.2.3/src/mod.ts": "fd42505b28c4dcc791369f2a070a4871799aa86bbfdb39f60745dd7746a4e684",
    "https://deno.land/x/notion_sdk@v2.2.3/src/type-utils.ts": "f533961a11ca45b4362de4688087104da18c37f5fc081c2d388112891287f033",
    "https://deno.land/x/notion_sdk@v2.2.3/src/utils.ts": "e47eefcad19c6b4ce4c5ee7f34e9201edf4ba7af5f9e3fababc3253e0bb637cd",
    "https://deno.land/x/rusty_markdown@v0.4.1/event.ts": "d77c27dca6e70837f2adcffecdb032742dd6e79cf2d56d73227f2eaa910cb6c4",
    "https://deno.land/x/rusty_markdown@v0.4.1/mod.ts": "3ed2f7b57ef13b56e4f5b650e3696778bf3ea528f748fd3876d97ade189cdab6",
    "https://deno.land/x/rusty_markdown@v0.4.1/wasm/deno_rusty_markdown.d.ts": "17924be679c7106ab719add258838c533594bb0c93318271938798c46a94dccb",
    "https://deno.land/x/rusty_markdown@v0.4.1/wasm/deno_rusty_markdown.js": "fcdbce8bd23a6c8237254f882e82fe89e04444f3abdd56bb8297ffb1f6dee6d6",
    "https://esm.sh/he@1.2.0": "aee987fde74f24b5d2db3b3bd3dfb1fbd316841c2a72b65d35f0aac664bbfa37",
    "https://esm.sh/katex@0.16.4/dist/katex.mjs": "2cec48b231a20b9462a3c013c2c132b4ee90f7a3252a56e21912773d32845100",
    "https://esm.sh/marked@4.2.12": "da18f23390c7cf9a770caa06d3c7a8a99ad73367037423fec4e5d33d21023b69",
    "https://esm.sh/prismjs@1.29.0": "b0f8e5b64d0f69a6fdd98bbb92d0a567747f64b8bd0af07eaf592d53c5e88b9e",
    "https://esm.sh/sanitize-html@2.8.1?target=esnext": "0aad7c94550eb4b561e06853502bac1b935d779f59de91bebcec40953a00b471",
    "https://esm.sh/v113/@types/he@1.2.0/index.d.ts": "baaae0918f67a340020b36c4499d5e4abfc153e0f93e3263054ebc1c1a1fe3bc",
    "https://esm.sh/v113/@types/marked@4.0.8/index.d.ts": "0b2fcecb260110d36514d4a845e10d98d19ae62f19ff18a5fc0181c31e1be8ef",
    "https://esm.sh/v113/@types/prismjs@1.26.0/index.d.ts": "6484309596f594ae824513336bd2a2e04a1902b06bb149fa904f5cae5fbe5c50",
    "https://esm.sh/v113/@types/sanitize-html@2.8.1/index.d.ts": "3ed4f183db347ca34d653ba83cede7280730e383bf2c759f3929b8e48906de2d",
    "https://esm.sh/v113/deepmerge@4.3.1/esnext/deepmerge.mjs": "426fb4ada3c99ddd720d7c28ce216d8fcb47543e3d64ead96d97b1103cc16487",
    "https://esm.sh/v113/dom-serializer@2.0.0/esnext/dom-serializer.mjs": "5993019525622bc3676da17a9df934eefbb8372ac394c1298bf8281133a12c89",
    "https://esm.sh/v113/dom-serializer@2.0.0/lib/index.d.ts": "1a179f7c77960636ff47588db67fde59de9efa7c90523d9abc3bf0a436ef2c65",
    "https://esm.sh/v113/domelementtype@2.3.0/esnext/domelementtype.mjs": "1e4dd3222620668a50040012a6b0d1582e89e7a570826a079a11226a7929e20c",
    "https://esm.sh/v113/domelementtype@2.3.0/lib/index.d.ts": "e307d69c2e131e39db6038b4bd51916c6cd787e01d730ad0c28c60491d0accf2",
    "https://esm.sh/v113/domhandler@5.0.3/esnext/domhandler.mjs": "586b70a0ecae46ac2329e8faf3da3aa8bc0ef79c6eee50c8601812b5299e8f2d",
    "https://esm.sh/v113/domhandler@5.0.3/lib/index.d.ts": "587a74d5be3d1ff7904170380e0a40e69ca29c3186e88c9f360462a920051348",
    "https://esm.sh/v113/domhandler@5.0.3/lib/node.d.ts": "1b8a14ba391b3e61515089a8f26e21244cc6c922d10438ea8204377c4b186e57",
    "https://esm.sh/v113/domutils@3.0.1/esnext/domutils.mjs": "a3b0ed49b55823797a4f333942a8034ef15683590afc62aa3e0ce67a122d7254",
    "https://esm.sh/v113/domutils@3.0.1/lib/feeds.d.ts": "d04b1bc972d4106deac1006d161d50232641cae41757b1b8051fba1135ace719",
    "https://esm.sh/v113/domutils@3.0.1/lib/helpers.d.ts": "b03801f4b9078bd3abade508347e188ecaa8172e92323fce5de47f866f0f556c",
    "https://esm.sh/v113/domutils@3.0.1/lib/index.d.ts": "914f44c8a7af80790dd852f60b3aa1b6890a835a898c95aaecd7f367a6796c2b",
    "https://esm.sh/v113/domutils@3.0.1/lib/legacy.d.ts": "2f79d9e8464cea2c361a0db28073ea66a5bc6d593751e4cb36bd7ea74f25c44a",
    "https://esm.sh/v113/domutils@3.0.1/lib/manipulation.d.ts": "ea722ad683b32f952d79cee523b05f2d35f183ba88c139c5ce139d66dbe067f0",
    "https://esm.sh/v113/domutils@3.0.1/lib/querying.d.ts": "9dc514e2db319ccc4518291ddab81bd544b0467a8f6418c7c5de47a62bcb087f",
    "https://esm.sh/v113/domutils@3.0.1/lib/stringify.d.ts": "89fb8eb9aac8e90a014ea40d1b5c003787854e3a884508ad5d012842fc4ea477",
    "https://esm.sh/v113/domutils@3.0.1/lib/traversal.d.ts": "cf9983147467a135b50d9eb198fe3d895e2a099a2a2bb56da1eeb4af46c92aac",
    "https://esm.sh/v113/entities@4.4.0/esnext/entities.mjs": "d97728f4929c3231f010dfbef4eb196cdd819c29990380decaf70f42f519e650",
    "https://esm.sh/v113/entities@4.4.0/esnext/lib/decode.js.js": "3a85c5c2ec8cac39ce7c37c3867c1df4aef7a9617ddb6619e0ca48876a275ba2",
    "https://esm.sh/v113/escape-string-regexp@4.0.0/esnext/escape-string-regexp.mjs": "7f00803b40f74aee2522808c0cf76057a715636dd84f4f679731b0e935cd3a56",
    "https://esm.sh/v113/he@1.2.0/deno/he.mjs": "572efc9730e217ade18d6528968a86ad2c4c95ac17abfd1db0833d327a952700",
    "https://esm.sh/v113/htmlparser2@8.0.2/esnext/htmlparser2.mjs": "e0e09df5cd54fd96b2dea55a3936a0b3cb910ed05fb306242674efe4371805bb",
    "https://esm.sh/v113/htmlparser2@8.0.2/lib/Parser.d.ts": "ff328f0ef96fee84f88ee254e18a235bdfe4a2dfac0f4d2dc754744bd69bca54",
    "https://esm.sh/v113/htmlparser2@8.0.2/lib/Tokenizer.d.ts": "41787f4904cb436cf92cba22f574829aeb7a527138e1dd228a2084e796c11bb8",
    "https://esm.sh/v113/htmlparser2@8.0.2/lib/index.d.ts": "ee89003db570b44708339d683961773a49d78e711a8bfddc7e130d1723ea02dd",
    "https://esm.sh/v113/is-plain-object@5.0.0/esnext/is-plain-object.mjs": "d990fb0c3e251072728088888873225a35995aedff2e3b443b5e3c33efe1be3b",
    "https://esm.sh/v113/katex@0.16.4/deno/dist/katex.mjs.js": "9d1682d75bd749d5f090daef7bf981ca6c1aca447ba10dd79db7a9d342c9cd46",
    "https://esm.sh/v113/marked@4.2.12/deno/marked.mjs": "e4ebef7be2ae56be2c2da45913a4426006bda8715f6ae0f85f05a72ee030b792",
    "https://esm.sh/v113/nanoid@3.3.4/esnext/non-secure.js": "0512d7dddf1297d6acada3daa5a22a31c2bb72b8273d77efae1bf8ce2a72e142",
    "https://esm.sh/v113/node_buffer.js": "445d389cb8c9f9fad5ff869ca2c2a863d178d410795ebd5f2f39d9a029156d56",
    "https://esm.sh/v113/node_events.js": "507b1d9405b8384264d683e0508416c4be85498e65d32d0fcf64d6d353a30151",
    "https://esm.sh/v113/node_process.js": "138682d1c2af338932526443b7513103b898a9460d3e461ee315d3a68060342a",
    "https://esm.sh/v113/parse-srcset@1.0.2/esnext/parse-srcset.mjs": "99266fb819ffab3c5419aab0beeafbfb6e8572dac0bb33ad9a47da77af0a8224",
    "https://esm.sh/v113/picocolors@1.0.0/esnext/picocolors.mjs": "df13f83b999dcfb6c81373ff205b7ce912b8518d833754ca3b312f764d4500fb",
    "https://esm.sh/v113/postcss@8.4.21/esnext/postcss.mjs": "899804a361e0621bcd83c47f03468a7acfccd4de1ac3beee2d4bd04b6fced5ee",
    "https://esm.sh/v113/prismjs@1.29.0/deno/prismjs.mjs": "83f2d67f19ae74ff9c9c29f5533f7ab8e5d9191000661024610ba73c4d07b87b",
    "https://esm.sh/v113/sanitize-html@2.8.1/esnext/sanitize-html.mjs": "60a1f24c65e0cf32254c572491c2f857d6a58010f24b08cdfc25f5744baeb69e"
  }
}
